{
  "name": "termdeck",
  "version": "0.4.0",
  "lockfileVersion": 3,
  "requires": true,
  "packages": {
    "": {
      "name": "termdeck",
      "version": "0.4.0",
      "license": "MIT",
      "bin": {
        "termdeck": "bin/termdeck.js"
      },
      "engines": {
        "node": ">=20"
      }
    }
  }
}
